
Microsoft Visual Studio Solution File, Format Version 12.00
# Visual Studio Version 17
VisualStudioVersion = 17.8.34330.188
MinimumVisualStudioVersion = 10.0.40219.1
Project("{FAE04EC0-301F-11D3-BF4B-00C04F79EFBC}") = "p20161_ergasia_MVC", "p20161_ergasia_MVC\p20161_ergasia_MVC.csproj", "{8F408E5B-4893-4CA1-866F-4FCE3F96826F}"
EndProject
Global
	GlobalSection(SolutionConfigurationPlatforms) = preSolution
		Debug|Any CPU = Debug|Any CPU
		Release|Any CPU = Release|Any CPU
	EndGlobalSection
	GlobalSection(ProjectConfigurationPlatforms) = postSolution
		{8F408E5B-4893-4CA1-866F-4FCE3F96826F}.Debug|Any CPU.ActiveCfg = Debug|Any CPU
		{8F408E5B-4893-4CA1-866F-4FCE3F96826F}.Debug|Any CPU.Build.0 = Debug|Any CPU
		{8F408E5B-4893-4CA1-866F-4FCE3F96826F}.Release|Any CPU.ActiveCfg = Release|Any CPU
		{8F408E5B-4893-4CA1-866F-4FCE3F96826F}.Release|Any CPU.Build.0 = Release|Any CPU
	EndGlobalSection
	GlobalSection(SolutionProperties) = preSolution
		HideSolutionNode = FALSE
	EndGlobalSection
	GlobalSection(ExtensibilityGlobals) = postSolution
		SolutionGuid = {A05D4580-EF29-4B14-A114-687AE6289DE3}
	EndGlobalSection
EndGlobal
